// !$*UTF8*$!
{
	archiveVersion = 1;
	classes = {
	};
	objectVersion = 56;
	objects = {

/* Begin PBXBuildFile section */
		6D1855592BE913DC00521BE4 /* CustomCameraView.swift in Sources */ = {isa = PBXBuildFile; fileRef = 6D1855582BE913DC00521BE4 /* CustomCameraView.swift */; };
		6D18555B2BE9186900521BE4 /* CustomCameraPreview.swift in Sources */ = {isa = PBXBuildFile; fileRef = 6D18555A2BE9186900521BE4 /* CustomCameraPreview.swift */; };
		6D18555D2BE91AF400521BE4 /* CustomCameraErrorView.swift in Sources */ = {isa = PBXBuildFile; fileRef = 6D18555C2BE91AF400521BE4 /* CustomCameraErrorView.swift */; };
		6D3733932BBDB57B0087F656 /* MijickCameraView in Frameworks */ = {isa = PBXBuildFile; productRef = 6D3733922BBDB57B0087F656 /* MijickCameraView */; };
		6DF2032A2BBB715E00F9372B /* CameraView_DemoApp.swift in Sources */ = {isa = PBXBuildFile; fileRef = 6DF203292BBB715E00F9372B /* CameraView_DemoApp.swift */; };
		6DF2032C2BBB715E00F9372B /* CameraView.swift in Sources */ = {isa = PBXBuildFile; fileRef = 6DF2032B2BBB715E00F9372B /* CameraView.swift */; };
		6DF2032E2BBB715F00F9372B /* Assets.xcassets in Resources */ = {isa = PBXBuildFile; fileRef = 6DF2032D2BBB715F00F9372B /* Assets.xcassets */; };
/* End PBXBuildFile section */

/* Begin PBXFileReference section */
		6D1855582BE913DC00521BE4 /* CustomCameraView.swift */ = {isa = PBXFileReference; lastKnownFileType = sourcecode.swift; path = CustomCameraView.swift; sourceTree = "<group>"; };
		6D18555A2BE9186900521BE4 /* CustomCameraPreview.swift */ = {isa = PBXFileReference; lastKnownFileType = sourcecode.swift; path = CustomCameraPreview.swift; sourceTree = "<group>"; };
		6D18555C2BE91AF400521BE4 /* CustomCameraErrorView.swift */ = {isa = PBXFileReference; lastKnownFileType = sourcecode.swift; path = CustomCameraErrorView.swift; sourceTree = "<group>"; };
		6DF203262BBB715D00F9372B /* CameraView-Demo.app */ = {isa = PBXFileReference; explicitFileType = wrapper.application; includeInIndex = 0; path = "CameraView-Demo.app"; sourceTree = BUILT_PRODUCTS_DIR; };
		6DF203292BBB715E00F9372B /* CameraView_DemoApp.swift */ = {isa = PBXFileReference; lastKnownFileType = sourcecode.swift; path = CameraView_DemoApp.swift; sourceTree = "<group>"; };
		6DF2032B2BBB715E00F9372B /* CameraView.swift */ = {isa = PBXFileReference; lastKnownFileType = sourcecode.swift; path = CameraView.swift; sourceTree = "<group>"; };
		6DF2032D2BBB715F00F9372B /* Assets.xcassets */ = {isa = PBXFileReference; lastKnownFileType = folder.assetcatalog; path = Assets.xcassets; sourceTree = "<group>"; };
		6DF2032F2BBB715F00F9372B /* CameraView_Demo.entitlements */ = {isa = PBXFileReference; lastKnownFileType = text.plist.entitlements; path = CameraView_Demo.entitlements; sourceTree = "<group>"; };
		6DF2033C2BBB725900F9372B /* CameraView */ = {isa = PBXFileReference; lastKnownFileType = wrapper; name = CameraView; path = ../CameraView; sourceTree = "<group>"; };
/* End PBXFileReference section */

/* Begin PBXFrameworksBuildPhase section */
		6DF203232BBB715D00F9372B /* Frameworks */ = {
			isa = PBXFrameworksBuildPhase;
			buildActionMask = 2147483647;
			files = (
				6D3733932BBDB57B0087F656 /* MijickCameraView in Frameworks */,
			);
			runOnlyForDeploymentPostprocessing = 0;
		};
/* End PBXFrameworksBuildPhase section */

/* Begin PBXGroup section */
		6D1855572BE9138600521BE4 /* Assets */ = {
			isa = PBXGroup;
			children = (
				6DF2032D2BBB715F00F9372B /* Assets.xcassets */,
				6DF2032F2BBB715F00F9372B /* CameraView_Demo.entitlements */,
			);
			path = Assets;
			sourceTree = "<group>";
		};
		6D18555E2BE91D6400521BE4 /* Custom UI Examples */ = {
			isa = PBXGroup;
			children = (
				6D1855582BE913DC00521BE4 /* CustomCameraView.swift */,
				6D18555A2BE9186900521BE4 /* CustomCameraPreview.swift */,
				6D18555C2BE91AF400521BE4 /* CustomCameraErrorView.swift */,
			);
			path = "Custom UI Examples";
			sourceTree = "<group>";
		};
		6D3733912BBDB57B0087F656 /* Frameworks */ = {
			isa = PBXGroup;
			children = (
			);
			name = Frameworks;
			sourceTree = "<group>";
		};
		6DF2031D2BBB715D00F9372B = {
			isa = PBXGroup;
			children = (
				6DF203282BBB715E00F9372B /* CameraView-Demo */,
				6DF2033C2BBB725900F9372B /* CameraView */,
				6DF203272BBB715E00F9372B /* Products */,
				6D3733912BBDB57B0087F656 /* Frameworks */,
			);
			sourceTree = "<group>";
		};
		6DF203272BBB715E00F9372B /* Products */ = {
			isa = PBXGroup;
			children = (
				6DF203262BBB715D00F9372B /* CameraView-Demo.app */,
			);
			name = Products;
			sourceTree = "<group>";
		};
		6DF203282BBB715E00F9372B /* CameraView-Demo */ = {
			isa = PBXGroup;
			children = (
				6DF203292BBB715E00F9372B /* CameraView_DemoApp.swift */,
				6DF2032B2BBB715E00F9372B /* CameraView.swift */,
				6D18555E2BE91D6400521BE4 /* Custom UI Examples */,
				6D1855572BE9138600521BE4 /* Assets */,
			);
			path = "CameraView-Demo";
			sourceTree = "<group>";
		};
/* End PBXGroup section */

/* Begin PBXNativeTarget section */
		6DF203252BBB715D00F9372B /* CameraView-Demo */ = {
			isa = PBXNativeTarget;
			buildConfigurationList = 6DF203352BBB715F00F9372B /* Build configuration list for PBXNativeTarget "CameraView-Demo" */;
			buildPhases = (
				6DF203222BBB715D00F9372B /* Sources */,
				6DF203232BBB715D00F9372B /* Frameworks */,
				6DF203242BBB715D00F9372B /* Resources */,
			);
			buildRules = (
			);
			dependencies = (
			);
			name = "CameraView-Demo";
			packageProductDependencies = (
				6D3733922BBDB57B0087F656 /* MijickCameraView */,
			);
			productName = "CameraView-Demo";
			productReference = 6DF203262BBB715D00F9372B /* CameraView-Demo.app */;
			productType = "com.apple.product-type.application";
		};
/* End PBXNativeTarget section */

/* Begin PBXProject section */
		6DF2031E2BBB715D00F9372B /* Project object */ = {
			isa = PBXProject;
			attributes = {
				BuildIndependentTargetsInParallel = 1;
				LastSwiftUpdateCheck = 1530;
				LastUpgradeCheck = 1530;
				TargetAttributes = {
					6DF203252BBB715D00F9372B = {
						CreatedOnToolsVersion = 15.3;
					};
				};
			};
			buildConfigurationList = 6DF203212BBB715D00F9372B /* Build configuration list for PBXProject "CameraView-Demo" */;
			compatibilityVersion = "Xcode 14.0";
			developmentRegion = en;
			hasScannedForEncodings = 0;
			knownRegions = (
				en,
				Base,
			);
			mainGroup = 6DF2031D2BBB715D00F9372B;
			packageReferences = (
				6DF203382BBB721800F9372B /* XCRemoteSwiftPackageReference "CameraView" */,
			);
			productRefGroup = 6DF203272BBB715E00F9372B /* Products */;
			projectDirPath = "";
			projectRoot = "";
			targets = (
				6DF203252BBB715D00F9372B /* CameraView-Demo */,
			);
		};
/* End PBXProject section */

/* Begin PBXResourcesBuildPhase section */
		6DF203242BBB715D00F9372B /* Resources */ = {
			isa = PBXResourcesBuildPhase;
			buildActionMask = 2147483647;
			files = (
				6DF2032E2BBB715F00F9372B /* Assets.xcassets in Resources */,
			);
			runOnlyForDeploymentPostprocessing = 0;
		};
/* End PBXResourcesBuildPhase section */

/* Begin PBXSourcesBuildPhase section */
		6DF203222BBB715D00F9372B /* Sources */ = {
			isa = PBXSourcesBuildPhase;
			buildActionMask = 2147483647;
			files = (
				6DF2032C2BBB715E00F9372B /* CameraView.swift in Sources */,
				6D18555D2BE91AF400521BE4 /* CustomCameraErrorView.swift in Sources */,
				6D1855592BE913DC00521BE4 /* CustomCameraView.swift in Sources */,
				6D18555B2BE9186900521BE4 /* CustomCameraPreview.swift in Sources */,
				6DF2032A2BBB715E00F9372B /* CameraView_DemoApp.swift in Sources */,
			);
			runOnlyForDeploymentPostprocessing = 0;
		};
/* End PBXSourcesBuildPhase section */

/* Begin XCBuildConfiguration section */
		6DF203332BBB715F00F9372B /* Debug */ = {
			isa = XCBuildConfiguration;
			buildSettings = {
				ALWAYS_SEARCH_USER_PATHS = NO;
				ASSETCATALOG_COMPILER_GENERATE_SWIFT_ASSET_SYMBOL_EXTENSIONS = YES;
				CLANG_ANALYZER_NONNULL = YES;
				CLANG_ANALYZER_NUMBER_OBJECT_CONVERSION = YES_AGGRESSIVE;
				CLANG_CXX_LANGUAGE_STANDARD = "gnu++20";
				CLANG_ENABLE_MODULES = YES;
				CLANG_ENABLE_OBJC_ARC = YES;
				CLANG_ENABLE_OBJC_WEAK = YES;
				CLANG_WARN_BLOCK_CAPTURE_AUTORELEASING = YES;
				CLANG_WARN_BOOL_CONVERSION = YES;
				CLANG_WARN_COMMA = YES;
				CLANG_WARN_CONSTANT_CONVERSION = YES;
				CLANG_WARN_DEPRECATED_OBJC_IMPLEMENTATIONS = YES;
				CLANG_WARN_DIRECT_OBJC_ISA_USAGE = YES_ERROR;
				CLANG_WARN_DOCUMENTATION_COMMENTS = YES;
				CLANG_WARN_EMPTY_BODY = YES;
				CLANG_WARN_ENUM_CONVERSION = YES;
				CLANG_WARN_INFINITE_RECURSION = YES;
				CLANG_WARN_INT_CONVERSION = YES;
				CLANG_WARN_NON_LITERAL_NULL_CONVERSION = YES;
				CLANG_WARN_OBJC_IMPLICIT_RETAIN_SELF = YES;
				CLANG_WARN_OBJC_LITERAL_CONVERSION = YES;
				CLANG_WARN_OBJC_ROOT_CLASS = YES_ERROR;
				CLANG_WARN_QUOTED_INCLUDE_IN_FRAMEWORK_HEADER = YES;
				CLANG_WARN_RANGE_LOOP_ANALYSIS = YES;
				CLANG_WARN_STRICT_PROTOTYPES = YES;
				CLANG_WARN_SUSPICIOUS_MOVE = YES;
				CLANG_WARN_UNGUARDED_AVAILABILITY = YES_AGGRESSIVE;
				CLANG_WARN_UNREACHABLE_CODE = YES;
				CLANG_WARN__DUPLICATE_METHOD_MATCH = YES;
				COPY_PHASE_STRIP = NO;
				DEBUG_INFORMATION_FORMAT = dwarf;
				ENABLE_STRICT_OBJC_MSGSEND = YES;
				ENABLE_TESTABILITY = YES;
				ENABLE_USER_SCRIPT_SANDBOXING = YES;
				GCC_C_LANGUAGE_STANDARD = gnu17;
				GCC_DYNAMIC_NO_PIC = NO;
				GCC_NO_COMMON_BLOCKS = YES;
				GCC_OPTIMIZATION_LEVEL = 0;
				GCC_PREPROCESSOR_DEFINITIONS = (
					"DEBUG=1",
					"$(inherited)",
				);
				GCC_WARN_64_TO_32_BIT_CONVERSION = YES;
				GCC_WARN_ABOUT_RETURN_TYPE = YES_ERROR;
				GCC_WARN_UNDECLARED_SELECTOR = YES;
				GCC_WARN_UNINITIALIZED_AUTOS = YES_AGGRESSIVE;
				GCC_WARN_UNUSED_FUNCTION = YES;
				GCC_WARN_UNUSED_VARIABLE = YES;
				LOCALIZATION_PREFERS_STRING_CATALOGS = YES;
				MTL_ENABLE_DEBUG_INFO = INCLUDE_SOURCE;
				MTL_FAST_MATH = YES;
				ONLY_ACTIVE_ARCH = YES;
				SWIFT_ACTIVE_COMPILATION_CONDITIONS = "DEBUG $(inherited)";
				SWIFT_OPTIMIZATION_LEVEL = "-Onone";
			};
			name = Debug;
		};
		6DF203342BBB715F00F9372B /* Release */ = {
			isa = XCBuildConfiguration;
			buildSettings = {
				ALWAYS_SEARCH_USER_PATHS = NO;
				ASSETCATALOG_COMPILER_GENERATE_SWIFT_ASSET_SYMBOL_EXTENSIONS = YES;
				CLANG_ANALYZER_NONNULL = YES;
				CLANG_ANALYZER_NUMBER_OBJECT_CONVERSION = YES_AGGRESSIVE;
				CLANG_CXX_LANGUAGE_STANDARD = "gnu++20";
				CLANG_ENABLE_MODULES = YES;
				CLANG_ENABLE_OBJC_ARC = YES;
				CLANG_ENABLE_OBJC_WEAK = YES;
				CLANG_WARN_BLOCK_CAPTURE_AUTORELEASING = YES;
				CLANG_WARN_BOOL_CONVERSION = YES;
				CLANG_WARN_COMMA = YES;
				CLANG_WARN_CONSTANT_CONVERSION = YES;
				CLANG_WARN_DEPRECATED_OBJC_IMPLEMENTATIONS = YES;
				CLANG_WARN_DIRECT_OBJC_ISA_USAGE = YES_ERROR;
				CLANG_WARN_DOCUMENTATION_COMMENTS = YES;
				CLANG_WARN_EMPTY_BODY = YES;
				CLANG_WARN_ENUM_CONVERSION = YES;
				CLANG_WARN_INFINITE_RECURSION = YES;
				CLANG_WARN_INT_CONVERSION = YES;
				CLANG_WARN_NON_LITERAL_NULL_CONVERSION = YES;
				CLANG_WARN_OBJC_IMPLICIT_RETAIN_SELF = YES;
				CLANG_WARN_OBJC_LITERAL_CONVERSION = YES;
				CLANG_WARN_OBJC_ROOT_CLASS = YES_ERROR;
				CLANG_WARN_QUOTED_INCLUDE_IN_FRAMEWORK_HEADER = YES;
				CLANG_WARN_RANGE_LOOP_ANALYSIS = YES;
				CLANG_WARN_STRICT_PROTOTYPES = YES;
				CLANG_WARN_SUSPICIOUS_MOVE = YES;
				CLANG_WARN_UNGUARDED_AVAILABILITY = YES_AGGRESSIVE;
				CLANG_WARN_UNREACHABLE_CODE = YES;
				CLANG_WARN__DUPLICATE_METHOD_MATCH = YES;
				COPY_PHASE_STRIP = NO;
				DEBUG_INFORMATION_FORMAT = "dwarf-with-dsym";
				ENABLE_NS_ASSERTIONS = NO;
				ENABLE_STRICT_OBJC_MSGSEND = YES;
				ENABLE_USER_SCRIPT_SANDBOXING = YES;
				GCC_C_LANGUAGE_STANDARD = gnu17;
				GCC_NO_COMMON_BLOCKS = YES;
				GCC_WARN_64_TO_32_BIT_CONVERSION = YES;
				GCC_WARN_ABOUT_RETURN_TYPE = YES_ERROR;
				GCC_WARN_UNDECLARED_SELECTOR = YES;
				GCC_WARN_UNINITIALIZED_AUTOS = YES_AGGRESSIVE;
				GCC_WARN_UNUSED_FUNCTION = YES;
				GCC_WARN_UNUSED_VARIABLE = YES;
				LOCALIZATION_PREFERS_STRING_CATALOGS = YES;
				MTL_ENABLE_DEBUG_INFO = NO;
				MTL_FAST_MATH = YES;
				SWIFT_COMPILATION_MODE = wholemodule;
			};
			name = Release;
		};
		6DF203362BBB715F00F9372B /* Debug */ = {
			isa = XCBuildConfiguration;
			buildSettings = {
				ASSETCATALOG_COMPILER_APPICON_NAME = AppIcon;
				ASSETCATALOG_COMPILER_GLOBAL_ACCENT_COLOR_NAME = "";
				CODE_SIGN_ENTITLEMENTS = "CameraView-Demo/Assets/CameraView_Demo.entitlements";
				CODE_SIGN_STYLE = Automatic;
				CURRENT_PROJECT_VERSION = 1;
				DEVELOPMENT_ASSET_PATHS = "";
				DEVELOPMENT_TEAM = 78L5993673;
				ENABLE_HARDENED_RUNTIME = YES;
				ENABLE_PREVIEWS = YES;
				GENERATE_INFOPLIST_FILE = YES;
				INFOPLIST_KEY_NSCameraUsageDescription = "Camera DEMO description <on error screen we take the description from info.plist file>";
				INFOPLIST_KEY_NSMicrophoneUsageDescription = "Microphone DEMO description <on error screen we take the description from info.plist file>";
				"INFOPLIST_KEY_UIApplicationSceneManifest_Generation[sdk=iphoneos*]" = YES;
				"INFOPLIST_KEY_UIApplicationSceneManifest_Generation[sdk=iphonesimulator*]" = YES;
				"INFOPLIST_KEY_UIApplicationSupportsIndirectInputEvents[sdk=iphoneos*]" = YES;
				"INFOPLIST_KEY_UIApplicationSupportsIndirectInputEvents[sdk=iphonesimulator*]" = YES;
				"INFOPLIST_KEY_UILaunchScreen_Generation[sdk=iphoneos*]" = YES;
				"INFOPLIST_KEY_UILaunchScreen_Generation[sdk=iphonesimulator*]" = YES;
				"INFOPLIST_KEY_UIStatusBarStyle[sdk=iphoneos*]" = UIStatusBarStyleDefault;
				"INFOPLIST_KEY_UIStatusBarStyle[sdk=iphonesimulator*]" = UIStatusBarStyleDefault;
				INFOPLIST_KEY_UISupportedInterfaceOrientations = "UIInterfaceOrientationLandscapeLeft UIInterfaceOrientationLandscapeRight UIInterfaceOrientationPortrait UIInterfaceOrientationPortraitUpsideDown";
				IPHONEOS_DEPLOYMENT_TARGET = 17.0;
				LD_RUNPATH_SEARCH_PATHS = "@executable_path/Frameworks";
				"LD_RUNPATH_SEARCH_PATHS[sdk=macosx*]" = "@executable_path/../Frameworks";
				MACOSX_DEPLOYMENT_TARGET = 14.4;
				MARKETING_VERSION = 1.0;
				PRODUCT_BUNDLE_IDENTIFIER = "com.mijick.CameraView-Demo";
				PRODUCT_NAME = "$(TARGET_NAME)";
				SDKROOT = auto;
				SUPPORTED_PLATFORMS = "iphoneos iphonesimulator";
				SUPPORTS_MACCATALYST = NO;
				SWIFT_EMIT_LOC_STRINGS = YES;
				SWIFT_VERSION = 5.0;
				TARGETED_DEVICE_FAMILY = 1;
			};
			name = Debug;
		};
		6DF203372BBB715F00F9372B /* Release */ = {
			isa = XCBuildConfiguration;
			buildSettings = {
				ASSETCATALOG_COMPILER_APPICON_NAME = AppIcon;
				ASSETCATALOG_COMPILER_GLOBAL_ACCENT_COLOR_NAME = "";
				CODE_SIGN_ENTITLEMENTS = "CameraView-Demo/Assets/CameraView_Demo.entitlements";
				CODE_SIGN_STYLE = Automatic;
				CURRENT_PROJECT_VERSION = 1;
				DEVELOPMENT_ASSET_PATHS = "";
				DEVELOPMENT_TEAM = 78L5993673;
				ENABLE_HARDENED_RUNTIME = YES;
				ENABLE_PREVIEWS = YES;
				GENERATE_INFOPLIST_FILE = YES;
				INFOPLIST_KEY_NSCameraUsageDescription = "Camera DEMO description <on error screen we take the description from info.plist file>";
				INFOPLIST_KEY_NSMicrophoneUsageDescription = "Microphone DEMO description <on error screen we take the description from info.plist file>";
				"INFOPLIST_KEY_UIApplicationSceneManifest_Generation[sdk=iphoneos*]" = YES;
				"INFOPLIST_KEY_UIApplicationSceneManifest_Generation[sdk=iphonesimulator*]" = YES;
				"INFOPLIST_KEY_UIApplicationSupportsIndirectInputEvents[sdk=iphoneos*]" = YES;
				"INFOPLIST_KEY_UIApplicationSupportsIndirectInputEvents[sdk=iphonesimulator*]" = YES;
				"INFOPLIST_KEY_UILaunchScreen_Generation[sdk=iphoneos*]" = YES;
				"INFOPLIST_KEY_UILaunchScreen_Generation[sdk=iphonesimulator*]" = YES;
				"INFOPLIST_KEY_UIStatusBarStyle[sdk=iphoneos*]" = UIStatusBarStyleDefault;
				"INFOPLIST_KEY_UIStatusBarStyle[sdk=iphonesimulator*]" = UIStatusBarStyleDefault;
				INFOPLIST_KEY_UISupportedInterfaceOrientations = "UIInterfaceOrientationLandscapeLeft UIInterfaceOrientationLandscapeRight UIInterfaceOrientationPortrait UIInterfaceOrientationPortraitUpsideDown";
				IPHONEOS_DEPLOYMENT_TARGET = 17.0;
				LD_RUNPATH_SEARCH_PATHS = "@executable_path/Frameworks";
				"LD_RUNPATH_SEARCH_PATHS[sdk=macosx*]" = "@executable_path/../Frameworks";
				MACOSX_DEPLOYMENT_TARGET = 14.4;
				MARKETING_VERSION = 1.0;
				PRODUCT_BUNDLE_IDENTIFIER = "com.mijick.CameraView-Demo";
				PRODUCT_NAME = "$(TARGET_NAME)";
				SDKROOT = auto;
				SUPPORTED_PLATFORMS = "iphoneos iphonesimulator";
				SUPPORTS_MACCATALYST = NO;
				SWIFT_EMIT_LOC_STRINGS = YES;
				SWIFT_VERSION = 5.0;
				TARGETED_DEVICE_FAMILY = 1;
			};
			name = Release;
		};
/* End XCBuildConfiguration section */

/* Begin XCConfigurationList section */
		6DF203212BBB715D00F9372B /* Build configuration list for PBXProject "CameraView-Demo" */ = {
			isa = XCConfigurationList;
			buildConfigurations = (
				6DF203332BBB715F00F9372B /* Debug */,
				6DF203342BBB715F00F9372B /* Release */,
			);
			defaultConfigurationIsVisible = 0;
			defaultConfigurationName = Release;
		};
		6DF203352BBB715F00F9372B /* Build configuration list for PBXNativeTarget "CameraView-Demo" */ = {
			isa = XCConfigurationList;
			buildConfigurations = (
				6DF203362BBB715F00F9372B /* Debug */,
				6DF203372BBB715F00F9372B /* Release */,
			);
			defaultConfigurationIsVisible = 0;
			defaultConfigurationName = Release;
		};
/* End XCConfigurationList section */

/* Begin XCRemoteSwiftPackageReference section */
		6DF203382BBB721800F9372B /* XCRemoteSwiftPackageReference "CameraView" */ = {
			isa = XCRemoteSwiftPackageReference;
			repositoryURL = "https://github.com/Mijick/CameraView";
			requirement = {
				branch = main;
				kind = branch;
			};
		};
/* End XCRemoteSwiftPackageReference section */

/* Begin XCSwiftPackageProductDependency section */
		6D3733922BBDB57B0087F656 /* MijickCameraView */ = {
			isa = XCSwiftPackageProductDependency;
			productName = MijickCameraView;
		};
/* End XCSwiftPackageProductDependency section */
	};
	rootObject = 6DF2031E2BBB715D00F9372B /* Project object */;
}
