{
  "originHash" : "7451885c2f960e2b1a9946e47219c11395afb5e3f9782927e686d68536beda31",
  "pins" : [
    {
      "identity" : "timer",
      "kind" : "remoteSourceControl",
      "location" : "https://github.com/Mijick/Timer",
      "state" : {
        "revision" : "4be5f0d341cfef6575bb4ca16e82cd98fdcf2f4d",
        "version" : "1.0.1"
      }
    }
  ],
  "version" : 3
}
